{
    "_meta": {
        "hash": {
            "sha256": "8ff76f30394f217fd28b2442326151d06d7572ea8e6fa6bb6fccdc0ebaead776"
        },
        "pipfile-spec": 6,
        "requires": {
            "python_version": "3.6"
        },
        "sources": [
            {
                "name": "pypi",
                "url": "https://pypi.org/simple",
                "verify_ssl": true
            }
        ]
    },
    "default": {
        "dj-database-url": {
            "hashes": [
                "sha256:a6832d8445ee9d788c5baa48aef8130bf61fdc442f7d9a548424d25cd85c9f08",
                "sha256:e16d94c382ea0564c48038fa7fe8d9c890ef1ab1a8ec4cb48e732c124b9482fd"
            ],
            "index": "pypi",
            "version": "==0.4.2"
        },
        "django": {
            "hashes": [
                "sha256:014e3392058d94f40569206a24523ce254d55ad2f9f46c6550b0fe2e4f94cf3f",
                "sha256:4200aefb6678019a0acf0005cd14cfce3a5e6b9b90d06145fcdd2e474ad4329c"
            ],
            "index": "pypi",
            "version": "==1.11.29"
        },
        "django-crispy-forms": {
            "hashes": [
                "sha256:18e904c7bd55c45201739cb343272767ff820263a1fca40a7b388006ce94910c",
                "sha256:c894f3a44e111ae6c6226c67741d96d120adb942de41dc8b2a991b87de7ff9c0"
            ],
            "index": "pypi",
            "version": "==1.6.1"
        },
        "gunicorn": {
            "hashes": [
                "sha256:75af03c99389535f218cc596c7de74df4763803f7b63eb09d77e92b3956b36c6",
                "sha256:eee1169f0ca667be05db3351a0960765620dad53f53434262ff8901b68a1b622"
            ],
            "index": "pypi",
            "version": "==19.7.1"
        },
        "olefile": {
            "hashes": [
                "sha256:61f2ca0cd0aa77279eb943c07f607438edf374096b66332fae1ee64a6f0f73ad"
            ],
            "index": "pypi",
            "version": "==0.44"
        },
        "pillow": {
            "hashes": [
                "sha256:0412516dcc9de9b0a1e0ae25a280015809de8270f134cc2c1e32c4eeb397cf30",
                "sha256:04835e68ef12904bc3e1fd002b33eea0779320d4346082bd5b24bec12ad9c3e9",
                "sha256:06d1adaa284696785375fa80a6a8eb309be722cf4ef8949518beb34487a3df71",
                "sha256:085a90a99404b859a4b6c3daa42afde17cb3ad3115e44a75f0d7b4a32f06a6c9",
                "sha256:0b9911ec70731711c3b6ebcde26caea620cbdd9dcb73c67b0730c8817f24711b",
                "sha256:10e00f7336780ca7d3653cf3ac26f068fa11b5a96894ea29a64d3dc4b810d630",
                "sha256:11c27e74bab423eb3c9232d97553111cc0be81b74b47165f07ebfdd29d825875",
                "sha256:11eb7f98165d56042545c9e6db3ce394ed8b45089a67124298f0473b29cb60b2",
                "sha256:13654b521fb98abdecec105ea3fb5ba863d1548c9b58831dd5105bb3873569f1",
                "sha256:15ccb81a6ffc57ea0137f9f3ac2737ffa1d11f786244d719639df17476d399a7",
                "sha256:18a07a683805d32826c09acfce44a90bf474e6a66ce482b1c7fcd3757d588df3",
                "sha256:19ec4cfe4b961edc249b0e04b5618666c23a83bc35842dea2bfd5dfa0157f81b",
                "sha256:1c3ff00110835bdda2b1e2b07f4a2548a39744bb7de5946dc8e95517c4fb2ca6",
                "sha256:27a330bf7014ee034046db43ccbb05c766aa9e70b8d6c5260bfc38d73103b0ba",
                "sha256:2b11c9d310a3522b0fd3c35667914271f570576a0e387701f370eb39d45f08a4",
                "sha256:2c661542c6f71dfd9dc82d9d29a8386287e82813b0375b3a02983feac69ef864",
                "sha256:2cde7a4d3687f21cffdf5bb171172070bb95e02af448c4c8b2f223d783214056",
                "sha256:2d5e9dc0bf1b5d9048a94c48d0813b6c96fccfa4ccf276d9c36308840f40c228",
                "sha256:2f23b2d3079522fdf3c09de6517f625f7a964f916c956527bed805ac043799b8",
                "sha256:35d27687f027ad25a8d0ef45dd5208ef044c588003cdcedf05afb00dbc5c2deb",
                "sha256:35d409030bf3bd05fa66fb5fdedc39c521b397f61ad04309c90444e893d05f7d",
                "sha256:4326ea1e2722f3dc00ed77c36d3b5354b8fb7399fb59230249ea6d59cbed90da",
                "sha256:4abc247b31a98f29e5224f2d31ef15f86a71f79c7f4d2ac345a5d551d6393073",
                "sha256:4d89a2e9219a526401015153c0e9dd48319ea6ab9fe3b066a20aa9aee23d9fd3",
                "sha256:4e59e99fd680e2b8b11bbd463f3c9450ab799305d5f2bafb74fefba6ac058616",
                "sha256:548794f99ff52a73a156771a0402f5e1c35285bd981046a502d7e4793e8facaa",
                "sha256:56fd98c8294f57636084f4b076b75f86c57b2a63a8410c0cd172bc93695ee979",
                "sha256:59697568a0455764a094585b2551fd76bfd6b959c9f92d4bdec9d0e14616303a",
                "sha256:6bff50ba9891be0a004ef48828e012babaaf7da204d81ab9be37480b9020a82b",
                "sha256:6cb3dd7f23b044b0737317f892d399f9e2f0b3a02b22b2c692851fb8120d82c6",
                "sha256:7dbfbc0020aa1d9bc1b0b8bcf255a7d73f4ad0336f8fd2533fcc54a4ccfb9441",
                "sha256:838eb85de6d9307c19c655c726f8d13b8b646f144ca6b3771fa62b711ebf7624",
                "sha256:8b68f565a4175e12e68ca900af8910e8fe48aaa48fd3ca853494f384e11c8bcd",
                "sha256:8f284dc1695caf71a74f24993b7c7473d77bc760be45f776a2c2f4e04c170550",
                "sha256:963ebdc5365d748185fdb06daf2ac758116deecb2277ec5ae98139f93844bc09",
                "sha256:a048dad5ed6ad1fad338c02c609b862dfaa921fcd065d747194a6805f91f2196",
                "sha256:a1bd983c565f92779be456ece2479840ec39d386007cd4ae83382646293d681b",
                "sha256:a66566f8a22561fc1a88dc87606c69b84fa9ce724f99522cf922c801ec68f5c1",
                "sha256:bcb04ff12e79b28be6c9988f275e7ab69f01cc2ba319fb3114f87817bb7c74b6",
                "sha256:bd24054aaf21e70a51e2a2a5ed1183560d3a69e6f9594a4bfe360a46f94eba83",
                "sha256:be25cb93442c6d2f8702c599b51184bd3ccd83adebd08886b682173e09ef0c3f",
                "sha256:c691b26283c3a31594683217d746f1dad59a7ae1d4cfc24626d7a064a11197d4",
                "sha256:cc9d0dec711c914ed500f1d0d3822868760954dce98dfb0b7382a854aee55d19",
                "sha256:ce2e5e04bb86da6187f96d7bab3f93a7877830981b37f0287dd6479e27a10341",
                "sha256:ce651ca46d0202c302a535d3047c55a0131a720cf554a578fc1b8a2aff0e7d96",
                "sha256:d0c8ebbfd439c37624db98f3877d9ed12c137cadd99dde2d2eae0dab0bbfc355",
                "sha256:d675a876b295afa114ca8bf42d7f86b5fb1298e1b6bb9a24405a3f6c8338811c",
                "sha256:dde3f3ed8d00c72631bc19cbfff8ad3b6215062a5eed402381ad365f82f0c18c",
                "sha256:e5a31c07cea5edbaeb4bdba6f2b87db7d3dc0f446f379d907e51cc70ea375629",
                "sha256:f514c2717012859ccb349c97862568fdc0479aad85b0270d6b5a6509dbc142e2",
                "sha256:fc0db32f7223b094964e71729c0361f93db43664dd1ec86d3df217853cedda87",
                "sha256:fd4fd83aa912d7b89b4b4a1580d30e2a4242f3936882a3f433586e5ab97ed0d5",
                "sha256:feb5db446e96bfecfec078b943cc07744cc759893cef045aa8b8b6d6aaa8274e"
            ],
            "index": "pypi",
            "version": "==8.3.2"
        },
        "psycopg2": {
            "hashes": [
                "sha256:162ab9fc7c2be46b45978bdeecc54ab48f90e57c26c927bfbdcbedee77d22dac",
                "sha256:1b40c5549c0e39c95e26df4c6cdf49f3d85def38310da78628f1d29c3e7d177e",
                "sha256:2854703bf7c1287408f16d66a011426be07540748f19a84644677d6b8d1284a7",
                "sha256:29db29bc5603ff9dc3a639a8e329ca4ab970d01d6fd27bcf2038e6514fe161f4",
                "sha256:2fd25489f2fc5b1a4ab4a131cb7e6c804a664b4201e03d1c5aefcbb055b8bad6",
                "sha256:4807cc2a3bf844b882bd11bdf43805430993ac29fa95ac3ed1cbaa24ab9c0319",
                "sha256:4dd7ce445059e63b249dbcf6a759c45d1ae5f4e6468c60d50f4829e09d52cd4a",
                "sha256:5c11fc5091af28d048c321f2b23a3f984ffb5b546ab3cb7424c52c6feae6c965",
                "sha256:5d6d3e80658bf7436202358490beabe7fc78497f5defecb4e9db91d19d5d2778",
                "sha256:624d9e75d5cf636236ef0e7c325761d8e795200c91154d344b0efcdece535a93",
                "sha256:65a7560c7dc45cd7cb8083e07341789ca9c1e3d668c04e198ec925da1ef0012c",
                "sha256:6a81bba87531e11e93eb5e193e3f25498eb4e3d7a0a730675ea311913ea93f8f",
                "sha256:6be1b5c96a122387afef18669f3bb0fb255a22e77da85bc37fdd5367a446880c",
                "sha256:94f7ca8013fa17b14e8be72dcc4994046fcd40f85b8cf45d13cdfcf777aad0f4",
                "sha256:9b3009f237df518951fc2385dd444b7d79b83c4a9cdd26141d2bd9eabd32d681",
                "sha256:9bfadd7163ec17983c1e395782755ea1c15702e4b79ed333ff70995cd4fb5505",
                "sha256:a1f302a2ef32b16a8a6515d5ae6368460ad7434ba6a3751f5a2c1084f6234ff6",
                "sha256:ad2d1274e69fac940c66854cbc92c9eda572b4b30cab4073d4383148874a8974",
                "sha256:b148f8ccdf9d59bf762b67b80c4a46b9ce1e90dee0f10907640e5a18b07d0ee6",
                "sha256:b2bc3bc99355fe26a76d1225c32ae6f97604f575cb41cd8e8a4932bbc5b932a7",
                "sha256:b60024e969aaecc47530f96c723c4cac63d34606fb57806bed49991ff35aecea",
                "sha256:b807ca62f8844f3eb7bff5790ffc4bd851f51a22f453b59fe3c9461e097eac6d",
                "sha256:bbb843f752f582de95db533d371cf55acf69acd86b0b22e35d89f045c1f6c139",
                "sha256:bc580e4dd39031eea0a662a3e8353b9fa90e500aa7ae14b4589cd4572f7ba4c3",
                "sha256:c9bd49848556d04093909faec017c3675efabf78c2b7f383bf7c43ba18324ac8",
                "sha256:cbd910a5d9e3c2e49c2e8f827f2261c27260260a0b46284445d1a3dd12265be8",
                "sha256:cf4f620f3401e4e8f9e2934c45284e21d404bbe65cd7b81a50402f30c1160109",
                "sha256:d2089a8dc7fea97386d66e46aabf5674538d946dcaf3374f736411638c93c2c4",
                "sha256:db49705698f9edd4878457166b09e53788d3e7f10d86f490ee5978ce2613bc06",
                "sha256:f2ae745ee9b65e04fcca2bbb7ff6d92c196b732f04d0b570310f8958b58ecb64",
                "sha256:febc7334b1f33c08c5c8d29353d557d8510ff1205f9e7ef454a3f8306c79e9b4"
            ],
            "index": "pypi",
            "version": "==2.7.3"
        },
        "pytz": {
            "hashes": [
                "sha256:03c9962afe00e503e2d96abab4e8998a0f84d4230fa57afe1e0528473698cdd9",
                "sha256:39504670abb5dae77f56f8eb63823937ce727d7cdd0088e6909e6dcac0f89043",
                "sha256:43f52d4c6a0be301d53ebd867de05e2926c35728b3260157d274635a0a947f1c",
                "sha256:487e7d50710661116325747a9cd1744d3323f8e49748e287bc9e659060ec6bf9",
                "sha256:54a935085f7bf101f86b2aff75bd9672b435f51c3339db2ff616e66845f2b8f9",
                "sha256:c883c2d6670042c7bc1688645cac73dd2b03193d1f7a6847b6154e96890be06d",
                "sha256:d1d6729c85acea5423671382868627129432fba9a89ecbb248d8d1c7a9f01c67",
                "sha256:ddc93b6d41cfb81266a27d23a79e13805d4a5521032b512643af8729041a81b4",
                "sha256:f5c056e8f62d45ba8215e5cb8f50dfccb198b4b9fbea8500674f3443e4689589"
            ],
            "index": "pypi",
            "version": "==2017.2"
        }
    },
    "develop": {}
}
